{
  "version": 4,
  "terraform_version": "1.9.4",
  "serial": 20,
  "lineage": "a291f056-42c2-6459-d7d0-9aaf8f2d350e",
  "outputs": {},
  "resources": [
    {
      "mode": "managed",
      "type": "proxmox_vm_qemu",
      "name": "my_vm",
      "provider": "provider[\"registry.terraform.io/telmate/proxmox\"]",
      "instances": [
        {
          "schema_version": 0,
          "attributes": {
            "additional_wait": 5,
            "agent": 0,
            "agent_timeout": null,
            "args": "",
            "automatic_reboot": true,
            "balloon": 0,
            "bios": "seabios",
            "boot": "order=net0",
            "bootdisk": "",
            "ci_wait": null,
            "cicustom": "",
            "cipassword": "",
            "ciuser": "ubuntu",
            "clone": "ubuntu-tempalte-v2",
            "clone_wait": 10,
            "cores": 1,
            "cpu": "host",
            "default_ipv4_address": "192.168.1.201",
            "default_ipv6_address": "",
            "define_connection_info": true,
            "desc": "",
            "disks": [],
            "efidisk": [],
            "force_create": false,
            "force_recreate_on_change_of": null,
            "full_clone": true,
            "hagroup": "",
            "hastate": "",
            "hostpci": [],
            "hotplug": "network,disk,usb",
            "id": "wiecny/qemu/104",
            "ipconfig0": "ip=192.168.1.201/24,gw=192.168.1.1",
            "ipconfig1": "",
            "ipconfig10": "",
            "ipconfig11": "",
            "ipconfig12": "",
            "ipconfig13": "",
            "ipconfig14": "",
            "ipconfig15": "",
            "ipconfig2": "",
            "ipconfig3": "",
            "ipconfig4": "",
            "ipconfig5": "",
            "ipconfig6": "",
            "ipconfig7": "",
            "ipconfig8": "",
            "ipconfig9": "",
            "kvm": true,
            "linked_vmid": 0,
            "machine": "",
            "memory": 512,
            "name": "test-vm",
            "nameserver": "",
            "network": [
              {
                "bridge": "vmbr0",
                "firewall": false,
                "link_down": false,
                "macaddr": "8A:28:3F:DB:D2:81",
                "model": "virtio",
                "mtu": 0,
                "queues": 0,
                "rate": 0,
                "tag": -1
              }
            ],
            "numa": false,
            "onboot": false,
            "os_network_config": null,
            "os_type": null,
            "pool": "",
            "protection": false,
            "pxe": null,
            "qemu_os": "l26",
            "reboot_required": false,
            "scsihw": "lsi",
            "searchdomain": "",
            "serial": [],
            "skip_ipv4": false,
            "skip_ipv6": false,
            "smbios": [
              {
                "family": "",
                "manufacturer": "",
                "product": "",
                "serial": "",
                "sku": "",
                "uuid": "041dcf0d-2ea4-4250-b32b-250d042f808f",
                "version": ""
              }
            ],
            "sockets": 1,
            "ssh_forward_ip": null,
            "ssh_host": "192.168.1.201",
            "ssh_port": "22",
            "ssh_private_key": null,
            "ssh_user": null,
            "sshkeys": "ecdsa-sha2-nistp256 AAAAE2VjZHNhLXNoYTItbmlzdHAyNTYAAAAIbmlzdHAyNTYAAABBBMsEYItiYp53McRcyfzqzCCBHE+j3b/wIjAgK2Kr5jM+2sybGr0A5lqLqn2pQzhInv8FV3sNKG2WyTMxqIoAPUc= wiecny@laptop-Jakub.local",
            "startup": "",
            "tablet": true,
            "tags": "",
            "target_node": "wiecny",
            "target_nodes": null,
            "timeouts": null,
            "unused_disk": [
              {
                "file": "vm-104-disk-0",
                "slot": 0,
                "storage": "local-lvm"
              }
            ],
            "usb": [],
            "vcpus": 0,
            "vga": [],
            "vm_state": "running",
            "vmid": 104
          },
          "sensitive_attributes": [
            [
              {
                "type": "get_attr",
                "value": "cipassword"
              }
            ],
            [
              {
                "type": "get_attr",
                "value": "ssh_private_key"
              }
            ]
          ],
          "private": "eyJlMmJmYjczMC1lY2FhLTExZTYtOGY4OC0zNDM2M2JjN2M0YzAiOnsiY3JlYXRlIjoxMjAwMDAwMDAwMDAwLCJkZWZhdWx0IjoxMjAwMDAwMDAwMDAwLCJkZWxldGUiOjEyMDAwMDAwMDAwMDAsInJlYWQiOjEyMDAwMDAwMDAwMDAsInVwZGF0ZSI6MTIwMDAwMDAwMDAwMH19"
        }
      ]
    }
  ],
  "check_results": null
}
